
Microsoft Visual Studio Solution File, Format Version 12.00
# Visual Studio Version 16
VisualStudioVersion = 16.0.28729.10
MinimumVisualStudioVersion = 10.0.40219.1
Project("{FAE04EC0-301F-11D3-BF4B-00C04F79EFBC}") = "SketchFabSeleniumSpecFlow", "SketchFabSeleniumSpecFlow\SketchFabSeleniumSpecFlow.csproj", "{1C349801-0887-4230-B864-859911A35DE3}"
EndProject
Global
	GlobalSection(SolutionConfigurationPlatforms) = preSolution
		Debug|Any CPU = Debug|Any CPU
		Release|Any CPU = Release|Any CPU
	EndGlobalSection
	GlobalSection(ProjectConfigurationPlatforms) = postSolution
		{1C349801-0887-4230-B864-859911A35DE3}.Debug|Any CPU.ActiveCfg = Debug|Any CPU
		{1C349801-0887-4230-B864-859911A35DE3}.Debug|Any CPU.Build.0 = Debug|Any CPU
		{1C349801-0887-4230-B864-859911A35DE3}.Release|Any CPU.ActiveCfg = Release|Any CPU
		{1C349801-0887-4230-B864-859911A35DE3}.Release|Any CPU.Build.0 = Release|Any CPU
	EndGlobalSection
	GlobalSection(SolutionProperties) = preSolution
		HideSolutionNode = FALSE
	EndGlobalSection
	GlobalSection(ExtensibilityGlobals) = postSolution
		SolutionGuid = {DEC03461-1D7A-418D-898A-5D204DB70F38}
	EndGlobalSection
EndGlobal
